
Microsoft Visual Studio Solution File, Format Version 12.00
# Visual Studio 15
VisualStudioVersion = 15.0.28010.2050
MinimumVisualStudioVersion = 10.0.40219.1
Project("{FAE04EC0-301F-11D3-BF4B-00C04F79EFBC}") = "Quiz-Backend", "Quiz-Backend\Quiz-Backend.csproj", "{5214EA96-09DF-45F5-8E13-8B9487468445}"
EndProject
Global
	GlobalSection(SolutionConfigurationPlatforms) = preSolution
		Debug|Any CPU = Debug|Any CPU
		Release|Any CPU = Release|Any CPU
	EndGlobalSection
	GlobalSection(ProjectConfigurationPlatforms) = postSolution
		{5214EA96-09DF-45F5-8E13-8B9487468445}.Debug|Any CPU.ActiveCfg = Debug|Any CPU
		{5214EA96-09DF-45F5-8E13-8B9487468445}.Debug|Any CPU.Build.0 = Debug|Any CPU
		{5214EA96-09DF-45F5-8E13-8B9487468445}.Release|Any CPU.ActiveCfg = Release|Any CPU
		{5214EA96-09DF-45F5-8E13-8B9487468445}.Release|Any CPU.Build.0 = Release|Any CPU
	EndGlobalSection
	GlobalSection(SolutionProperties) = preSolution
		HideSolutionNode = FALSE
	EndGlobalSection
	GlobalSection(ExtensibilityGlobals) = postSolution
		SolutionGuid = {1EB0620A-81C0-460A-8983-E7CE75B7CCB9}
	EndGlobalSection
EndGlobal
